// !$*UTF8*$!
{
	archiveVersion = 1;
	classes = {
	};
	objectVersion = 77;
	objects = {

/* Begin PBXContainerItemProxy section */
		F9A417652D7BBC4E0039D2FF /* PBXContainerItemProxy */ = {
			isa = PBXContainerItemProxy;
			containerPortal = F9A4174C2D7BBC4C0039D2FF /* Project object */;
			proxyType = 1;
			remoteGlobalIDString = F9A417532D7BBC4C0039D2FF;
			remoteInfo = WeSplitProject;
		};
		F9A4176F2D7BBC4E0039D2FF /* PBXContainerItemProxy */ = {
			isa = PBXContainerItemProxy;
			containerPortal = F9A4174C2D7BBC4C0039D2FF /* Project object */;
			proxyType = 1;
			remoteGlobalIDString = F9A417532D7BBC4C0039D2FF;
			remoteInfo = WeSplitProject;
		};
/* End PBXContainerItemProxy section */

/* Begin PBXFileReference section */
		F9A417542D7BBC4C0039D2FF /* WeSplitProject.app */ = {isa = PBXFileReference; explicitFileType = wrapper.application; includeInIndex = 0; path = WeSplitProject.app; sourceTree = BUILT_PRODUCTS_DIR; };
		F9A417642D7BBC4E0039D2FF /* WeSplitProjectTests.xctest */ = {isa = PBXFileReference; explicitFileType = wrapper.cfbundle; includeInIndex = 0; path = WeSplitProjectTests.xctest; sourceTree = BUILT_PRODUCTS_DIR; };
		F9A4176E2D7BBC4E0039D2FF /* WeSplitProjectUITests.xctest */ = {isa = PBXFileReference; explicitFileType = wrapper.cfbundle; includeInIndex = 0; path = WeSplitProjectUITests.xctest; sourceTree = BUILT_PRODUCTS_DIR; };
/* End PBXFileReference section */

/* Begin PBXFileSystemSynchronizedRootGroup section */
		F9A417562D7BBC4C0039D2FF /* WeSplitProject */ = {
			isa = PBXFileSystemSynchronizedRootGroup;
			path = WeSplitProject;
			sourceTree = "<group>";
		};
		F9A417672D7BBC4E0039D2FF /* WeSplitProjectTests */ = {
			isa = PBXFileSystemSynchronizedRootGroup;
			path = WeSplitProjectTests;
			sourceTree = "<group>";
		};
		F9A417712D7BBC4E0039D2FF /* WeSplitProjectUITests */ = {
			isa = PBXFileSystemSynchronizedRootGroup;
			path = WeSplitProjectUITests;
			sourceTree = "<group>";
		};
/* End PBXFileSystemSynchronizedRootGroup section */

/* Begin PBXFrameworksBuildPhase section */
		F9A417512D7BBC4C0039D2FF /* Frameworks */ = {
			isa = PBXFrameworksBuildPhase;
			buildActionMask = 2147483647;
			files = (
			);
			runOnlyForDeploymentPostprocessing = 0;
		};
		F9A417612D7BBC4E0039D2FF /* Frameworks */ = {
			isa = PBXFrameworksBuildPhase;
			buildActionMask = 2147483647;
			files = (
			);
			runOnlyForDeploymentPostprocessing = 0;
		};
		F9A4176B2D7BBC4E0039D2FF /* Frameworks */ = {
			isa = PBXFrameworksBuildPhase;
			buildActionMask = 2147483647;
			files = (
			);
			runOnlyForDeploymentPostprocessing = 0;
		};
/* End PBXFrameworksBuildPhase section */

/* Begin PBXGroup section */
		F9A4174B2D7BBC4C0039D2FF = {
			isa = PBXGroup;
			children = (
				F9A417562D7BBC4C0039D2FF /* WeSplitProject */,
				F9A417672D7BBC4E0039D2FF /* WeSplitProjectTests */,
				F9A417712D7BBC4E0039D2FF /* WeSplitProjectUITests */,
				F9A417552D7BBC4C0039D2FF /* Products */,
			);
			sourceTree = "<group>";
		};
		F9A417552D7BBC4C0039D2FF /* Products */ = {
			isa = PBXGroup;
			children = (
				F9A417542D7BBC4C0039D2FF /* WeSplitProject.app */,
				F9A417642D7BBC4E0039D2FF /* WeSplitProjectTests.xctest */,
				F9A4176E2D7BBC4E0039D2FF /* WeSplitProjectUITests.xctest */,
			);
			name = Products;
			sourceTree = "<group>";
		};
/* End PBXGroup section */

/* Begin PBXNativeTarget section */
		F9A417532D7BBC4C0039D2FF /* WeSplitProject */ = {
			isa = PBXNativeTarget;
			buildConfigurationList = F9A417782D7BBC4E0039D2FF /* Build configuration list for PBXNativeTarget "WeSplitProject" */;
			buildPhases = (
				F9A417502D7BBC4C0039D2FF /* Sources */,
				F9A417512D7BBC4C0039D2FF /* Frameworks */,
				F9A417522D7BBC4C0039D2FF /* Resources */,
			);
			buildRules = (
			);
			dependencies = (
			);
			fileSystemSynchronizedGroups = (
				F9A417562D7BBC4C0039D2FF /* WeSplitProject */,
			);
			name = WeSplitProject;
			packageProductDependencies = (
			);
			productName = WeSplitProject;
			productReference = F9A417542D7BBC4C0039D2FF /* WeSplitProject.app */;
			productType = "com.apple.product-type.application";
		};
		F9A417632D7BBC4E0039D2FF /* WeSplitProjectTests */ = {
			isa = PBXNativeTarget;
			buildConfigurationList = F9A4177B2D7BBC4E0039D2FF /* Build configuration list for PBXNativeTarget "WeSplitProjectTests" */;
			buildPhases = (
				F9A417602D7BBC4E0039D2FF /* Sources */,
				F9A417612D7BBC4E0039D2FF /* Frameworks */,
				F9A417622D7BBC4E0039D2FF /* Resources */,
			);
			buildRules = (
			);
			dependencies = (
				F9A417662D7BBC4E0039D2FF /* PBXTargetDependency */,
			);
			fileSystemSynchronizedGroups = (
				F9A417672D7BBC4E0039D2FF /* WeSplitProjectTests */,
			);
			name = WeSplitProjectTests;
			packageProductDependencies = (
			);
			productName = WeSplitProjectTests;
			productReference = F9A417642D7BBC4E0039D2FF /* WeSplitProjectTests.xctest */;
			productType = "com.apple.product-type.bundle.unit-test";
		};
		F9A4176D2D7BBC4E0039D2FF /* WeSplitProjectUITests */ = {
			isa = PBXNativeTarget;
			buildConfigurationList = F9A4177E2D7BBC4E0039D2FF /* Build configuration list for PBXNativeTarget "WeSplitProjectUITests" */;
			buildPhases = (
				F9A4176A2D7BBC4E0039D2FF /* Sources */,
				F9A4176B2D7BBC4E0039D2FF /* Frameworks */,
				F9A4176C2D7BBC4E0039D2FF /* Resources */,
			);
			buildRules = (
			);
			dependencies = (
				F9A417702D7BBC4E0039D2FF /* PBXTargetDependency */,
			);
			fileSystemSynchronizedGroups = (
				F9A417712D7BBC4E0039D2FF /* WeSplitProjectUITests */,
			);
			name = WeSplitProjectUITests;
			packageProductDependencies = (
			);
			productName = WeSplitProjectUITests;
			productReference = F9A4176E2D7BBC4E0039D2FF /* WeSplitProjectUITests.xctest */;
			productType = "com.apple.product-type.bundle.ui-testing";
		};
/* End PBXNativeTarget section */

/* Begin PBXProject section */
		F9A4174C2D7BBC4C0039D2FF /* Project object */ = {
			isa = PBXProject;
			attributes = {
				BuildIndependentTargetsInParallel = 1;
				LastSwiftUpdateCheck = 1620;
				LastUpgradeCheck = 1620;
				TargetAttributes = {
					F9A417532D7BBC4C0039D2FF = {
						CreatedOnToolsVersion = 16.2;
					};
					F9A417632D7BBC4E0039D2FF = {
						CreatedOnToolsVersion = 16.2;
						TestTargetID = F9A417532D7BBC4C0039D2FF;
					};
					F9A4176D2D7BBC4E0039D2FF = {
						CreatedOnToolsVersion = 16.2;
						TestTargetID = F9A417532D7BBC4C0039D2FF;
					};
				};
			};
			buildConfigurationList = F9A4174F2D7BBC4C0039D2FF /* Build configuration list for PBXProject "WeSplitProject" */;
			developmentRegion = en;
			hasScannedForEncodings = 0;
			knownRegions = (
				en,
				Base,
			);
			mainGroup = F9A4174B2D7BBC4C0039D2FF;
			minimizedProjectReferenceProxies = 1;
			preferredProjectObjectVersion = 77;
			productRefGroup = F9A417552D7BBC4C0039D2FF /* Products */;
			projectDirPath = "";
			projectRoot = "";
			targets = (
				F9A417532D7BBC4C0039D2FF /* WeSplitProject */,
				F9A417632D7BBC4E0039D2FF /* WeSplitProjectTests */,
				F9A4176D2D7BBC4E0039D2FF /* WeSplitProjectUITests */,
			);
		};
/* End PBXProject section */

/* Begin PBXResourcesBuildPhase section */
		F9A417522D7BBC4C0039D2FF /* Resources */ = {
			isa = PBXResourcesBuildPhase;
			buildActionMask = 2147483647;
			files = (
			);
			runOnlyForDeploymentPostprocessing = 0;
		};
		F9A417622D7BBC4E0039D2FF /* Resources */ = {
			isa = PBXResourcesBuildPhase;
			buildActionMask = 2147483647;
			files = (
			);
			runOnlyForDeploymentPostprocessing = 0;
		};
		F9A4176C2D7BBC4E0039D2FF /* Resources */ = {
			isa = PBXResourcesBuildPhase;
			buildActionMask = 2147483647;
			files = (
			);
			runOnlyForDeploymentPostprocessing = 0;
		};
/* End PBXResourcesBuildPhase section */

/* Begin PBXSourcesBuildPhase section */
		F9A417502D7BBC4C0039D2FF /* Sources */ = {
			isa = PBXSourcesBuildPhase;
			buildActionMask = 2147483647;
			files = (
			);
			runOnlyForDeploymentPostprocessing = 0;
		};
		F9A417602D7BBC4E0039D2FF /* Sources */ = {
			isa = PBXSourcesBuildPhase;
			buildActionMask = 2147483647;
			files = (
			);
			runOnlyForDeploymentPostprocessing = 0;
		};
		F9A4176A2D7BBC4E0039D2FF /* Sources */ = {
			isa = PBXSourcesBuildPhase;
			buildActionMask = 2147483647;
			files = (
			);
			runOnlyForDeploymentPostprocessing = 0;
		};
/* End PBXSourcesBuildPhase section */

/* Begin PBXTargetDependency section */
		F9A417662D7BBC4E0039D2FF /* PBXTargetDependency */ = {
			isa = PBXTargetDependency;
			target = F9A417532D7BBC4C0039D2FF /* WeSplitProject */;
			targetProxy = F9A417652D7BBC4E0039D2FF /* PBXContainerItemProxy */;
		};
		F9A417702D7BBC4E0039D2FF /* PBXTargetDependency */ = {
			isa = PBXTargetDependency;
			target = F9A417532D7BBC4C0039D2FF /* WeSplitProject */;
			targetProxy = F9A4176F2D7BBC4E0039D2FF /* PBXContainerItemProxy */;
		};
/* End PBXTargetDependency section */

/* Begin XCBuildConfiguration section */
		F9A417762D7BBC4E0039D2FF /* Debug */ = {
			isa = XCBuildConfiguration;
			buildSettings = {
				ALWAYS_SEARCH_USER_PATHS = NO;
				ASSETCATALOG_COMPILER_GENERATE_SWIFT_ASSET_SYMBOL_EXTENSIONS = YES;
				CLANG_ANALYZER_NONNULL = YES;
				CLANG_ANALYZER_NUMBER_OBJECT_CONVERSION = YES_AGGRESSIVE;
				CLANG_CXX_LANGUAGE_STANDARD = "gnu++20";
				CLANG_ENABLE_MODULES = YES;
				CLANG_ENABLE_OBJC_ARC = YES;
				CLANG_ENABLE_OBJC_WEAK = YES;
				CLANG_WARN_BLOCK_CAPTURE_AUTORELEASING = YES;
				CLANG_WARN_BOOL_CONVERSION = YES;
				CLANG_WARN_COMMA = YES;
				CLANG_WARN_CONSTANT_CONVERSION = YES;
				CLANG_WARN_DEPRECATED_OBJC_IMPLEMENTATIONS = YES;
				CLANG_WARN_DIRECT_OBJC_ISA_USAGE = YES_ERROR;
				CLANG_WARN_DOCUMENTATION_COMMENTS = YES;
				CLANG_WARN_EMPTY_BODY = YES;
				CLANG_WARN_ENUM_CONVERSION = YES;
				CLANG_WARN_INFINITE_RECURSION = YES;
				CLANG_WARN_INT_CONVERSION = YES;
				CLANG_WARN_NON_LITERAL_NULL_CONVERSION = YES;
				CLANG_WARN_OBJC_IMPLICIT_RETAIN_SELF = YES;
				CLANG_WARN_OBJC_LITERAL_CONVERSION = YES;
				CLANG_WARN_OBJC_ROOT_CLASS = YES_ERROR;
				CLANG_WARN_QUOTED_INCLUDE_IN_FRAMEWORK_HEADER = YES;
				CLANG_WARN_RANGE_LOOP_ANALYSIS = YES;
				CLANG_WARN_STRICT_PROTOTYPES = YES;
				CLANG_WARN_SUSPICIOUS_MOVE = YES;
				CLANG_WARN_UNGUARDED_AVAILABILITY = YES_AGGRESSIVE;
				CLANG_WARN_UNREACHABLE_CODE = YES;
				CLANG_WARN__DUPLICATE_METHOD_MATCH = YES;
				COPY_PHASE_STRIP = NO;
				DEBUG_INFORMATION_FORMAT = dwarf;
				ENABLE_STRICT_OBJC_MSGSEND = YES;
				ENABLE_TESTABILITY = YES;
				ENABLE_USER_SCRIPT_SANDBOXING = YES;
				GCC_C_LANGUAGE_STANDARD = gnu17;
				GCC_DYNAMIC_NO_PIC = NO;
				GCC_NO_COMMON_BLOCKS = YES;
				GCC_OPTIMIZATION_LEVEL = 0;
				GCC_PREPROCESSOR_DEFINITIONS = (
					"DEBUG=1",
					"$(inherited)",
				);
				GCC_WARN_64_TO_32_BIT_CONVERSION = YES;
				GCC_WARN_ABOUT_RETURN_TYPE = YES_ERROR;
				GCC_WARN_UNDECLARED_SELECTOR = YES;
				GCC_WARN_UNINITIALIZED_AUTOS = YES_AGGRESSIVE;
				GCC_WARN_UNUSED_FUNCTION = YES;
				GCC_WARN_UNUSED_VARIABLE = YES;
				IPHONEOS_DEPLOYMENT_TARGET = 18.2;
				LOCALIZATION_PREFERS_STRING_CATALOGS = YES;
				MTL_ENABLE_DEBUG_INFO = INCLUDE_SOURCE;
				MTL_FAST_MATH = YES;
				ONLY_ACTIVE_ARCH = YES;
				SDKROOT = iphoneos;
				SWIFT_ACTIVE_COMPILATION_CONDITIONS = "DEBUG $(inherited)";
				SWIFT_OPTIMIZATION_LEVEL = "-Onone";
			};
			name = Debug;
		};
		F9A417772D7BBC4E0039D2FF /* Release */ = {
			isa = XCBuildConfiguration;
			buildSettings = {
				ALWAYS_SEARCH_USER_PATHS = NO;
				ASSETCATALOG_COMPILER_GENERATE_SWIFT_ASSET_SYMBOL_EXTENSIONS = YES;
				CLANG_ANALYZER_NONNULL = YES;
				CLANG_ANALYZER_NUMBER_OBJECT_CONVERSION = YES_AGGRESSIVE;
				CLANG_CXX_LANGUAGE_STANDARD = "gnu++20";
				CLANG_ENABLE_MODULES = YES;
				CLANG_ENABLE_OBJC_ARC = YES;
				CLANG_ENABLE_OBJC_WEAK = YES;
				CLANG_WARN_BLOCK_CAPTURE_AUTORELEASING = YES;
				CLANG_WARN_BOOL_CONVERSION = YES;
				CLANG_WARN_COMMA = YES;
				CLANG_WARN_CONSTANT_CONVERSION = YES;
				CLANG_WARN_DEPRECATED_OBJC_IMPLEMENTATIONS = YES;
				CLANG_WARN_DIRECT_OBJC_ISA_USAGE = YES_ERROR;
				CLANG_WARN_DOCUMENTATION_COMMENTS = YES;
				CLANG_WARN_EMPTY_BODY = YES;
				CLANG_WARN_ENUM_CONVERSION = YES;
				CLANG_WARN_INFINITE_RECURSION = YES;
				CLANG_WARN_INT_CONVERSION = YES;
				CLANG_WARN_NON_LITERAL_NULL_CONVERSION = YES;
				CLANG_WARN_OBJC_IMPLICIT_RETAIN_SELF = YES;
				CLANG_WARN_OBJC_LITERAL_CONVERSION = YES;
				CLANG_WARN_OBJC_ROOT_CLASS = YES_ERROR;
				CLANG_WARN_QUOTED_INCLUDE_IN_FRAMEWORK_HEADER = YES;
				CLANG_WARN_RANGE_LOOP_ANALYSIS = YES;
				CLANG_WARN_STRICT_PROTOTYPES = YES;
				CLANG_WARN_SUSPICIOUS_MOVE = YES;
				CLANG_WARN_UNGUARDED_AVAILABILITY = YES_AGGRESSIVE;
				CLANG_WARN_UNREACHABLE_CODE = YES;
				CLANG_WARN__DUPLICATE_METHOD_MATCH = YES;
				COPY_PHASE_STRIP = NO;
				DEBUG_INFORMATION_FORMAT = "dwarf-with-dsym";
				ENABLE_NS_ASSERTIONS = NO;
				ENABLE_STRICT_OBJC_MSGSEND = YES;
				ENABLE_USER_SCRIPT_SANDBOXING = YES;
				GCC_C_LANGUAGE_STANDARD = gnu17;
				GCC_NO_COMMON_BLOCKS = YES;
				GCC_WARN_64_TO_32_BIT_CONVERSION = YES;
				GCC_WARN_ABOUT_RETURN_TYPE = YES_ERROR;
				GCC_WARN_UNDECLARED_SELECTOR = YES;
				GCC_WARN_UNINITIALIZED_AUTOS = YES_AGGRESSIVE;
				GCC_WARN_UNUSED_FUNCTION = YES;
				GCC_WARN_UNUSED_VARIABLE = YES;
				IPHONEOS_DEPLOYMENT_TARGET = 18.2;
				LOCALIZATION_PREFERS_STRING_CATALOGS = YES;
				MTL_ENABLE_DEBUG_INFO = NO;
				MTL_FAST_MATH = YES;
				SDKROOT = iphoneos;
				SWIFT_COMPILATION_MODE = wholemodule;
				VALIDATE_PRODUCT = YES;
			};
			name = Release;
		};
		F9A417792D7BBC4E0039D2FF /* Debug */ = {
			isa = XCBuildConfiguration;
			buildSettings = {
				ASSETCATALOG_COMPILER_APPICON_NAME = AppIcon;
				ASSETCATALOG_COMPILER_GLOBAL_ACCENT_COLOR_NAME = AccentColor;
				CODE_SIGN_STYLE = Automatic;
				CURRENT_PROJECT_VERSION = 1;
				DEVELOPMENT_ASSET_PATHS = "\"WeSplitProject/Preview Content\"";
				DEVELOPMENT_TEAM = 2M26DGX9Z7;
				ENABLE_PREVIEWS = YES;
				GENERATE_INFOPLIST_FILE = YES;
				INFOPLIST_KEY_UIApplicationSceneManifest_Generation = YES;
				INFOPLIST_KEY_UIApplicationSupportsIndirectInputEvents = YES;
				INFOPLIST_KEY_UILaunchScreen_Generation = YES;
				INFOPLIST_KEY_UISupportedInterfaceOrientations_iPad = "UIInterfaceOrientationPortrait UIInterfaceOrientationPortraitUpsideDown UIInterfaceOrientationLandscapeLeft UIInterfaceOrientationLandscapeRight";
				INFOPLIST_KEY_UISupportedInterfaceOrientations_iPhone = "UIInterfaceOrientationPortrait UIInterfaceOrientationLandscapeLeft UIInterfaceOrientationLandscapeRight";
				LD_RUNPATH_SEARCH_PATHS = (
					"$(inherited)",
					"@executable_path/Frameworks",
				);
				MARKETING_VERSION = 1.0;
				PRODUCT_BUNDLE_IDENTIFIER = "swift-project1-wesplit.WeSplitProject";
				PRODUCT_NAME = "$(TARGET_NAME)";
				SWIFT_EMIT_LOC_STRINGS = YES;
				SWIFT_VERSION = 5.0;
				TARGETED_DEVICE_FAMILY = "1,2";
			};
			name = Debug;
		};
		F9A4177A2D7BBC4E0039D2FF /* Release */ = {
			isa = XCBuildConfiguration;
			buildSettings = {
				ASSETCATALOG_COMPILER_APPICON_NAME = AppIcon;
				ASSETCATALOG_COMPILER_GLOBAL_ACCENT_COLOR_NAME = AccentColor;
				CODE_SIGN_STYLE = Automatic;
				CURRENT_PROJECT_VERSION = 1;
				DEVELOPMENT_ASSET_PATHS = "\"WeSplitProject/Preview Content\"";
				DEVELOPMENT_TEAM = 2M26DGX9Z7;
				ENABLE_PREVIEWS = YES;
				GENERATE_INFOPLIST_FILE = YES;
				INFOPLIST_KEY_UIApplicationSceneManifest_Generation = YES;
				INFOPLIST_KEY_UIApplicationSupportsIndirectInputEvents = YES;
				INFOPLIST_KEY_UILaunchScreen_Generation = YES;
				INFOPLIST_KEY_UISupportedInterfaceOrientations_iPad = "UIInterfaceOrientationPortrait UIInterfaceOrientationPortraitUpsideDown UIInterfaceOrientationLandscapeLeft UIInterfaceOrientationLandscapeRight";
				INFOPLIST_KEY_UISupportedInterfaceOrientations_iPhone = "UIInterfaceOrientationPortrait UIInterfaceOrientationLandscapeLeft UIInterfaceOrientationLandscapeRight";
				LD_RUNPATH_SEARCH_PATHS = (
					"$(inherited)",
					"@executable_path/Frameworks",
				);
				MARKETING_VERSION = 1.0;
				PRODUCT_BUNDLE_IDENTIFIER = "swift-project1-wesplit.WeSplitProject";
				PRODUCT_NAME = "$(TARGET_NAME)";
				SWIFT_EMIT_LOC_STRINGS = YES;
				SWIFT_VERSION = 5.0;
				TARGETED_DEVICE_FAMILY = "1,2";
			};
			name = Release;
		};
		F9A4177C2D7BBC4E0039D2FF /* Debug */ = {
			isa = XCBuildConfiguration;
			buildSettings = {
				BUNDLE_LOADER = "$(TEST_HOST)";
				CODE_SIGN_STYLE = Automatic;
				CURRENT_PROJECT_VERSION = 1;
				DEVELOPMENT_TEAM = 2M26DGX9Z7;
				GENERATE_INFOPLIST_FILE = YES;
				IPHONEOS_DEPLOYMENT_TARGET = 18.2;
				MARKETING_VERSION = 1.0;
				PRODUCT_BUNDLE_IDENTIFIER = "swift-project1-wesplit.WeSplitProjectTests";
				PRODUCT_NAME = "$(TARGET_NAME)";
				SWIFT_EMIT_LOC_STRINGS = NO;
				SWIFT_VERSION = 5.0;
				TARGETED_DEVICE_FAMILY = "1,2";
				TEST_HOST = "$(BUILT_PRODUCTS_DIR)/WeSplitProject.app/$(BUNDLE_EXECUTABLE_FOLDER_PATH)/WeSplitProject";
			};
			name = Debug;
		};
		F9A4177D2D7BBC4E0039D2FF /* Release */ = {
			isa = XCBuildConfiguration;
			buildSettings = {
				BUNDLE_LOADER = "$(TEST_HOST)";
				CODE_SIGN_STYLE = Automatic;
				CURRENT_PROJECT_VERSION = 1;
				DEVELOPMENT_TEAM = 2M26DGX9Z7;
				GENERATE_INFOPLIST_FILE = YES;
				IPHONEOS_DEPLOYMENT_TARGET = 18.2;
				MARKETING_VERSION = 1.0;
				PRODUCT_BUNDLE_IDENTIFIER = "swift-project1-wesplit.WeSplitProjectTests";
				PRODUCT_NAME = "$(TARGET_NAME)";
				SWIFT_EMIT_LOC_STRINGS = NO;
				SWIFT_VERSION = 5.0;
				TARGETED_DEVICE_FAMILY = "1,2";
				TEST_HOST = "$(BUILT_PRODUCTS_DIR)/WeSplitProject.app/$(BUNDLE_EXECUTABLE_FOLDER_PATH)/WeSplitProject";
			};
			name = Release;
		};
		F9A4177F2D7BBC4E0039D2FF /* Debug */ = {
			isa = XCBuildConfiguration;
			buildSettings = {
				CODE_SIGN_STYLE = Automatic;
				CURRENT_PROJECT_VERSION = 1;
				DEVELOPMENT_TEAM = 2M26DGX9Z7;
				GENERATE_INFOPLIST_FILE = YES;
				MARKETING_VERSION = 1.0;
				PRODUCT_BUNDLE_IDENTIFIER = "swift-project1-wesplit.WeSplitProjectUITests";
				PRODUCT_NAME = "$(TARGET_NAME)";
				SWIFT_EMIT_LOC_STRINGS = NO;
				SWIFT_VERSION = 5.0;
				TARGETED_DEVICE_FAMILY = "1,2";
				TEST_TARGET_NAME = WeSplitProject;
			};
			name = Debug;
		};
		F9A417802D7BBC4E0039D2FF /* Release */ = {
			isa = XCBuildConfiguration;
			buildSettings = {
				CODE_SIGN_STYLE = Automatic;
				CURRENT_PROJECT_VERSION = 1;
				DEVELOPMENT_TEAM = 2M26DGX9Z7;
				GENERATE_INFOPLIST_FILE = YES;
				MARKETING_VERSION = 1.0;
				PRODUCT_BUNDLE_IDENTIFIER = "swift-project1-wesplit.WeSplitProjectUITests";
				PRODUCT_NAME = "$(TARGET_NAME)";
				SWIFT_EMIT_LOC_STRINGS = NO;
				SWIFT_VERSION = 5.0;
				TARGETED_DEVICE_FAMILY = "1,2";
				TEST_TARGET_NAME = WeSplitProject;
			};
			name = Release;
		};
/* End XCBuildConfiguration section */

/* Begin XCConfigurationList section */
		F9A4174F2D7BBC4C0039D2FF /* Build configuration list for PBXProject "WeSplitProject" */ = {
			isa = XCConfigurationList;
			buildConfigurations = (
				F9A417762D7BBC4E0039D2FF /* Debug */,
				F9A417772D7BBC4E0039D2FF /* Release */,
			);
			defaultConfigurationIsVisible = 0;
			defaultConfigurationName = Release;
		};
		F9A417782D7BBC4E0039D2FF /* Build configuration list for PBXNativeTarget "WeSplitProject" */ = {
			isa = XCConfigurationList;
			buildConfigurations = (
				F9A417792D7BBC4E0039D2FF /* Debug */,
				F9A4177A2D7BBC4E0039D2FF /* Release */,
			);
			defaultConfigurationIsVisible = 0;
			defaultConfigurationName = Release;
		};
		F9A4177B2D7BBC4E0039D2FF /* Build configuration list for PBXNativeTarget "WeSplitProjectTests" */ = {
			isa = XCConfigurationList;
			buildConfigurations = (
				F9A4177C2D7BBC4E0039D2FF /* Debug */,
				F9A4177D2D7BBC4E0039D2FF /* Release */,
			);
			defaultConfigurationIsVisible = 0;
			defaultConfigurationName = Release;
		};
		F9A4177E2D7BBC4E0039D2FF /* Build configuration list for PBXNativeTarget "WeSplitProjectUITests" */ = {
			isa = XCConfigurationList;
			buildConfigurations = (
				F9A4177F2D7BBC4E0039D2FF /* Debug */,
				F9A417802D7BBC4E0039D2FF /* Release */,
			);
			defaultConfigurationIsVisible = 0;
			defaultConfigurationName = Release;
		};
/* End XCConfigurationList section */
	};
	rootObject = F9A4174C2D7BBC4C0039D2FF /* Project object */;
}
